// !$*UTF8*$!
{
	archiveVersion = 1;
	classes = {
	};
	objectVersion = 55;
	objects = {

/* Begin PBXBuildFile section */
		792D2A742759593500235792 /* input.swift in Sources */ = {isa = PBXBuildFile; fileRef = 792D2A732759593500235792 /* input.swift */; };
		7939A8BB275E5F2200C8800B /* Day6.swift in Sources */ = {isa = PBXBuildFile; fileRef = 7939A8BA275E5F2200C8800B /* Day6.swift */; };
		794A2C98275EFDA200E2E790 /* Day7.swift in Sources */ = {isa = PBXBuildFile; fileRef = 794A2C97275EFDA200E2E790 /* Day7.swift */; };
		794A2C9B275EFDC200E2E790 /* input7.swift in Sources */ = {isa = PBXBuildFile; fileRef = 794A2C9A275EFDC200E2E790 /* input7.swift */; };
		799966F5275E628300E006E5 /* input6.swift in Sources */ = {isa = PBXBuildFile; fileRef = 799966F4275E628200E006E5 /* input6.swift */; };
		79A2C1A82759DD530098767D /* Day3.swift in Sources */ = {isa = PBXBuildFile; fileRef = 79A2C1A72759DD530098767D /* Day3.swift */; };
		79A2C1AC2759E0CF0098767D /* input3.swift in Sources */ = {isa = PBXBuildFile; fileRef = 79A2C1AB2759E0CF0098767D /* input3.swift */; };
		79A2C1AE2759E0F40098767D /* input2.swift in Sources */ = {isa = PBXBuildFile; fileRef = 79A2C1AD2759E0F40098767D /* input2.swift */; };
		79A2C1B2275C437F0098767D /* Day4.swift in Sources */ = {isa = PBXBuildFile; fileRef = 79A2C1B1275C437F0098767D /* Day4.swift */; };
		79A2C1B4275C438B0098767D /* input4.swift in Sources */ = {isa = PBXBuildFile; fileRef = 79A2C1B3275C438B0098767D /* input4.swift */; };
		79A2C1B6275C43CE0098767D /* BingoBoard.swift in Sources */ = {isa = PBXBuildFile; fileRef = 79A2C1B5275C43CE0098767D /* BingoBoard.swift */; };
		79A2C1B9275DA7C50098767D /* Day5.swift in Sources */ = {isa = PBXBuildFile; fileRef = 79A2C1B8275DA7C50098767D /* Day5.swift */; };
		79A2C1BB275DA7CC0098767D /* input5.swift in Sources */ = {isa = PBXBuildFile; fileRef = 79A2C1BA275DA7CC0098767D /* input5.swift */; };
		79D888AE275831F0007F72FE /* main.swift in Sources */ = {isa = PBXBuildFile; fileRef = 79D888AD275831F0007F72FE /* main.swift */; };
		79D888B727593183007F72FE /* Day2.swift in Sources */ = {isa = PBXBuildFile; fileRef = 79D888B627593183007F72FE /* Day2.swift */; };
		79D888BB275932BC007F72FE /* Day1.swift in Sources */ = {isa = PBXBuildFile; fileRef = 79D888BA275932BC007F72FE /* Day1.swift */; };
/* End PBXBuildFile section */

/* Begin PBXCopyFilesBuildPhase section */
		79D888A8275831F0007F72FE /* CopyFiles */ = {
			isa = PBXCopyFilesBuildPhase;
			buildActionMask = 2147483647;
			dstPath = /usr/share/man/man1/;
			dstSubfolderSpec = 0;
			files = (
			);
			runOnlyForDeploymentPostprocessing = 1;
		};
/* End PBXCopyFilesBuildPhase section */

/* Begin PBXFileReference section */
		792D2A732759593500235792 /* input.swift */ = {isa = PBXFileReference; lastKnownFileType = sourcecode.swift; path = input.swift; sourceTree = "<group>"; };
		7939A8BA275E5F2200C8800B /* Day6.swift */ = {isa = PBXFileReference; lastKnownFileType = sourcecode.swift; path = Day6.swift; sourceTree = "<group>"; };
		794A2C97275EFDA200E2E790 /* Day7.swift */ = {isa = PBXFileReference; lastKnownFileType = sourcecode.swift; path = Day7.swift; sourceTree = "<group>"; };
		794A2C9A275EFDC200E2E790 /* input7.swift */ = {isa = PBXFileReference; lastKnownFileType = sourcecode.swift; path = input7.swift; sourceTree = "<group>"; };
		799966F4275E628200E006E5 /* input6.swift */ = {isa = PBXFileReference; lastKnownFileType = sourcecode.swift; path = input6.swift; sourceTree = "<group>"; };
		79A2C1A72759DD530098767D /* Day3.swift */ = {isa = PBXFileReference; lastKnownFileType = sourcecode.swift; path = Day3.swift; sourceTree = "<group>"; };
		79A2C1AB2759E0CF0098767D /* input3.swift */ = {isa = PBXFileReference; lastKnownFileType = sourcecode.swift; path = input3.swift; sourceTree = "<group>"; };
		79A2C1AD2759E0F40098767D /* input2.swift */ = {isa = PBXFileReference; lastKnownFileType = sourcecode.swift; path = input2.swift; sourceTree = "<group>"; };
		79A2C1B1275C437F0098767D /* Day4.swift */ = {isa = PBXFileReference; lastKnownFileType = sourcecode.swift; path = Day4.swift; sourceTree = "<group>"; };
		79A2C1B3275C438B0098767D /* input4.swift */ = {isa = PBXFileReference; lastKnownFileType = sourcecode.swift; path = input4.swift; sourceTree = "<group>"; };
		79A2C1B5275C43CE0098767D /* BingoBoard.swift */ = {isa = PBXFileReference; lastKnownFileType = sourcecode.swift; path = BingoBoard.swift; sourceTree = "<group>"; };
		79A2C1B8275DA7C50098767D /* Day5.swift */ = {isa = PBXFileReference; lastKnownFileType = sourcecode.swift; path = Day5.swift; sourceTree = "<group>"; };
		79A2C1BA275DA7CC0098767D /* input5.swift */ = {isa = PBXFileReference; lastKnownFileType = sourcecode.swift; path = input5.swift; sourceTree = "<group>"; };
		79D888AA275831F0007F72FE /* AdventOfCode2021 */ = {isa = PBXFileReference; explicitFileType = "compiled.mach-o.executable"; includeInIndex = 0; path = AdventOfCode2021; sourceTree = BUILT_PRODUCTS_DIR; };
		79D888AD275831F0007F72FE /* main.swift */ = {isa = PBXFileReference; lastKnownFileType = sourcecode.swift; path = main.swift; sourceTree = "<group>"; };
		79D888B627593183007F72FE /* Day2.swift */ = {isa = PBXFileReference; lastKnownFileType = sourcecode.swift; path = Day2.swift; sourceTree = "<group>"; };
		79D888BA275932BC007F72FE /* Day1.swift */ = {isa = PBXFileReference; lastKnownFileType = sourcecode.swift; path = Day1.swift; sourceTree = "<group>"; };
/* End PBXFileReference section */

/* Begin PBXFrameworksBuildPhase section */
		79D888A7275831F0007F72FE /* Frameworks */ = {
			isa = PBXFrameworksBuildPhase;
			buildActionMask = 2147483647;
			files = (
			);
			runOnlyForDeploymentPostprocessing = 0;
		};
/* End PBXFrameworksBuildPhase section */

/* Begin PBXGroup section */
		792D2A702759590A00235792 /* Day3 */ = {
			isa = PBXGroup;
			children = (
				79A2C1A72759DD530098767D /* Day3.swift */,
				79A2C1AB2759E0CF0098767D /* input3.swift */,
			);
			path = Day3;
			sourceTree = "<group>";
		};
		794A2C96275EFD9700E2E790 /* Day7 */ = {
			isa = PBXGroup;
			children = (
				794A2C97275EFDA200E2E790 /* Day7.swift */,
				794A2C9A275EFDC200E2E790 /* input7.swift */,
			);
			path = Day7;
			sourceTree = "<group>";
		};
		79A2C1AF275C436B0098767D /* Day4 */ = {
			isa = PBXGroup;
			children = (
				79A2C1B1275C437F0098767D /* Day4.swift */,
				79A2C1B3275C438B0098767D /* input4.swift */,
				79A2C1B5275C43CE0098767D /* BingoBoard.swift */,
			);
			path = Day4;
			sourceTree = "<group>";
		};
		79A2C1B7275DA7BB0098767D /* Day5 */ = {
			isa = PBXGroup;
			children = (
				79A2C1B8275DA7C50098767D /* Day5.swift */,
				79A2C1BA275DA7CC0098767D /* input5.swift */,
			);
			path = Day5;
			sourceTree = "<group>";
		};
		79A2C1BC275E549D0098767D /* Day6 */ = {
			isa = PBXGroup;
			children = (
				7939A8BA275E5F2200C8800B /* Day6.swift */,
				799966F4275E628200E006E5 /* input6.swift */,
			);
			path = Day6;
			sourceTree = "<group>";
		};
		79D888A1275831F0007F72FE = {
			isa = PBXGroup;
			children = (
				79D888AC275831F0007F72FE /* AdventOfCode2021 */,
				79D888AB275831F0007F72FE /* Products */,
			);
			sourceTree = "<group>";
		};
		79D888AB275831F0007F72FE /* Products */ = {
			isa = PBXGroup;
			children = (
				79D888AA275831F0007F72FE /* AdventOfCode2021 */,
			);
			name = Products;
			sourceTree = "<group>";
		};
		79D888AC275831F0007F72FE /* AdventOfCode2021 */ = {
			isa = PBXGroup;
			children = (
				794A2C96275EFD9700E2E790 /* Day7 */,
				79A2C1BC275E549D0098767D /* Day6 */,
				79A2C1B7275DA7BB0098767D /* Day5 */,
				79A2C1AF275C436B0098767D /* Day4 */,
				792D2A702759590A00235792 /* Day3 */,
				79D888B527593175007F72FE /* Day2 */,
				79D888B42759316D007F72FE /* Day1 */,
				79D888AD275831F0007F72FE /* main.swift */,
			);
			path = AdventOfCode2021;
			sourceTree = "<group>";
		};
		79D888B42759316D007F72FE /* Day1 */ = {
			isa = PBXGroup;
			children = (
				79D888BA275932BC007F72FE /* Day1.swift */,
				792D2A732759593500235792 /* input.swift */,
			);
			path = Day1;
			sourceTree = "<group>";
		};
		79D888B527593175007F72FE /* Day2 */ = {
			isa = PBXGroup;
			children = (
				79D888B627593183007F72FE /* Day2.swift */,
				79A2C1AD2759E0F40098767D /* input2.swift */,
			);
			path = Day2;
			sourceTree = "<group>";
		};
/* End PBXGroup section */

/* Begin PBXNativeTarget section */
		79D888A9275831F0007F72FE /* AdventOfCode2021 */ = {
			isa = PBXNativeTarget;
			buildConfigurationList = 79D888B1275831F0007F72FE /* Build configuration list for PBXNativeTarget "AdventOfCode2021" */;
			buildPhases = (
				79D888A6275831F0007F72FE /* Sources */,
				79D888A7275831F0007F72FE /* Frameworks */,
				79D888A8275831F0007F72FE /* CopyFiles */,
			);
			buildRules = (
			);
			dependencies = (
			);
			name = AdventOfCode2021;
			productName = AdventOfCode2021;
			productReference = 79D888AA275831F0007F72FE /* AdventOfCode2021 */;
			productType = "com.apple.product-type.tool";
		};
/* End PBXNativeTarget section */

/* Begin PBXProject section */
		79D888A2275831F0007F72FE /* Project object */ = {
			isa = PBXProject;
			attributes = {
				BuildIndependentTargetsInParallel = 1;
				LastSwiftUpdateCheck = 1310;
				LastUpgradeCheck = 1310;
				TargetAttributes = {
					79D888A9275831F0007F72FE = {
						CreatedOnToolsVersion = 13.1;
					};
				};
			};
			buildConfigurationList = 79D888A5275831F0007F72FE /* Build configuration list for PBXProject "AdventOfCode2021" */;
			compatibilityVersion = "Xcode 13.0";
			developmentRegion = en;
			hasScannedForEncodings = 0;
			knownRegions = (
				en,
				Base,
			);
			mainGroup = 79D888A1275831F0007F72FE;
			productRefGroup = 79D888AB275831F0007F72FE /* Products */;
			projectDirPath = "";
			projectRoot = "";
			targets = (
				79D888A9275831F0007F72FE /* AdventOfCode2021 */,
			);
		};
/* End PBXProject section */

/* Begin PBXSourcesBuildPhase section */
		79D888A6275831F0007F72FE /* Sources */ = {
			isa = PBXSourcesBuildPhase;
			buildActionMask = 2147483647;
			files = (
				79A2C1BB275DA7CC0098767D /* input5.swift in Sources */,
				794A2C98275EFDA200E2E790 /* Day7.swift in Sources */,
				79A2C1B4275C438B0098767D /* input4.swift in Sources */,
				792D2A742759593500235792 /* input.swift in Sources */,
				799966F5275E628300E006E5 /* input6.swift in Sources */,
				79A2C1B9275DA7C50098767D /* Day5.swift in Sources */,
				79D888AE275831F0007F72FE /* main.swift in Sources */,
				79A2C1AC2759E0CF0098767D /* input3.swift in Sources */,
				79A2C1B6275C43CE0098767D /* BingoBoard.swift in Sources */,
				79D888BB275932BC007F72FE /* Day1.swift in Sources */,
				79A2C1AE2759E0F40098767D /* input2.swift in Sources */,
				79A2C1A82759DD530098767D /* Day3.swift in Sources */,
				7939A8BB275E5F2200C8800B /* Day6.swift in Sources */,
				79D888B727593183007F72FE /* Day2.swift in Sources */,
				794A2C9B275EFDC200E2E790 /* input7.swift in Sources */,
				79A2C1B2275C437F0098767D /* Day4.swift in Sources */,
			);
			runOnlyForDeploymentPostprocessing = 0;
		};
/* End PBXSourcesBuildPhase section */

/* Begin XCBuildConfiguration section */
		79D888AF275831F0007F72FE /* Debug */ = {
			isa = XCBuildConfiguration;
			buildSettings = {
				ALWAYS_SEARCH_USER_PATHS = NO;
				CLANG_ANALYZER_NONNULL = YES;
				CLANG_ANALYZER_NUMBER_OBJECT_CONVERSION = YES_AGGRESSIVE;
				CLANG_CXX_LANGUAGE_STANDARD = "gnu++17";
				CLANG_CXX_LIBRARY = "libc++";
				CLANG_ENABLE_MODULES = YES;
				CLANG_ENABLE_OBJC_ARC = YES;
				CLANG_ENABLE_OBJC_WEAK = YES;
				CLANG_WARN_BLOCK_CAPTURE_AUTORELEASING = YES;
				CLANG_WARN_BOOL_CONVERSION = YES;
				CLANG_WARN_COMMA = YES;
				CLANG_WARN_CONSTANT_CONVERSION = YES;
				CLANG_WARN_DEPRECATED_OBJC_IMPLEMENTATIONS = YES;
				CLANG_WARN_DIRECT_OBJC_ISA_USAGE = YES_ERROR;
				CLANG_WARN_DOCUMENTATION_COMMENTS = YES;
				CLANG_WARN_EMPTY_BODY = YES;
				CLANG_WARN_ENUM_CONVERSION = YES;
				CLANG_WARN_INFINITE_RECURSION = YES;
				CLANG_WARN_INT_CONVERSION = YES;
				CLANG_WARN_NON_LITERAL_NULL_CONVERSION = YES;
				CLANG_WARN_OBJC_IMPLICIT_RETAIN_SELF = YES;
				CLANG_WARN_OBJC_LITERAL_CONVERSION = YES;
				CLANG_WARN_OBJC_ROOT_CLASS = YES_ERROR;
				CLANG_WARN_QUOTED_INCLUDE_IN_FRAMEWORK_HEADER = YES;
				CLANG_WARN_RANGE_LOOP_ANALYSIS = YES;
				CLANG_WARN_STRICT_PROTOTYPES = YES;
				CLANG_WARN_SUSPICIOUS_MOVE = YES;
				CLANG_WARN_UNGUARDED_AVAILABILITY = YES_AGGRESSIVE;
				CLANG_WARN_UNREACHABLE_CODE = YES;
				CLANG_WARN__DUPLICATE_METHOD_MATCH = YES;
				COPY_PHASE_STRIP = NO;
				DEBUG_INFORMATION_FORMAT = dwarf;
				ENABLE_STRICT_OBJC_MSGSEND = YES;
				ENABLE_TESTABILITY = YES;
				GCC_C_LANGUAGE_STANDARD = gnu11;
				GCC_DYNAMIC_NO_PIC = NO;
				GCC_NO_COMMON_BLOCKS = YES;
				GCC_OPTIMIZATION_LEVEL = 0;
				GCC_PREPROCESSOR_DEFINITIONS = (
					"DEBUG=1",
					"$(inherited)",
				);
				GCC_WARN_64_TO_32_BIT_CONVERSION = YES;
				GCC_WARN_ABOUT_RETURN_TYPE = YES_ERROR;
				GCC_WARN_UNDECLARED_SELECTOR = YES;
				GCC_WARN_UNINITIALIZED_AUTOS = YES_AGGRESSIVE;
				GCC_WARN_UNUSED_FUNCTION = YES;
				GCC_WARN_UNUSED_VARIABLE = YES;
				MACOSX_DEPLOYMENT_TARGET = 12.0;
				MTL_ENABLE_DEBUG_INFO = INCLUDE_SOURCE;
				MTL_FAST_MATH = YES;
				ONLY_ACTIVE_ARCH = YES;
				SDKROOT = macosx;
				SWIFT_ACTIVE_COMPILATION_CONDITIONS = DEBUG;
				SWIFT_OPTIMIZATION_LEVEL = "-Onone";
			};
			name = Debug;
		};
		79D888B0275831F0007F72FE /* Release */ = {
			isa = XCBuildConfiguration;
			buildSettings = {
				ALWAYS_SEARCH_USER_PATHS = NO;
				CLANG_ANALYZER_NONNULL = YES;
				CLANG_ANALYZER_NUMBER_OBJECT_CONVERSION = YES_AGGRESSIVE;
				CLANG_CXX_LANGUAGE_STANDARD = "gnu++17";
				CLANG_CXX_LIBRARY = "libc++";
				CLANG_ENABLE_MODULES = YES;
				CLANG_ENABLE_OBJC_ARC = YES;
				CLANG_ENABLE_OBJC_WEAK = YES;
				CLANG_WARN_BLOCK_CAPTURE_AUTORELEASING = YES;
				CLANG_WARN_BOOL_CONVERSION = YES;
				CLANG_WARN_COMMA = YES;
				CLANG_WARN_CONSTANT_CONVERSION = YES;
				CLANG_WARN_DEPRECATED_OBJC_IMPLEMENTATIONS = YES;
				CLANG_WARN_DIRECT_OBJC_ISA_USAGE = YES_ERROR;
				CLANG_WARN_DOCUMENTATION_COMMENTS = YES;
				CLANG_WARN_EMPTY_BODY = YES;
				CLANG_WARN_ENUM_CONVERSION = YES;
				CLANG_WARN_INFINITE_RECURSION = YES;
				CLANG_WARN_INT_CONVERSION = YES;
				CLANG_WARN_NON_LITERAL_NULL_CONVERSION = YES;
				CLANG_WARN_OBJC_IMPLICIT_RETAIN_SELF = YES;
				CLANG_WARN_OBJC_LITERAL_CONVERSION = YES;
				CLANG_WARN_OBJC_ROOT_CLASS = YES_ERROR;
				CLANG_WARN_QUOTED_INCLUDE_IN_FRAMEWORK_HEADER = YES;
				CLANG_WARN_RANGE_LOOP_ANALYSIS = YES;
				CLANG_WARN_STRICT_PROTOTYPES = YES;
				CLANG_WARN_SUSPICIOUS_MOVE = YES;
				CLANG_WARN_UNGUARDED_AVAILABILITY = YES_AGGRESSIVE;
				CLANG_WARN_UNREACHABLE_CODE = YES;
				CLANG_WARN__DUPLICATE_METHOD_MATCH = YES;
				COPY_PHASE_STRIP = NO;
				DEBUG_INFORMATION_FORMAT = "dwarf-with-dsym";
				ENABLE_NS_ASSERTIONS = NO;
				ENABLE_STRICT_OBJC_MSGSEND = YES;
				GCC_C_LANGUAGE_STANDARD = gnu11;
				GCC_NO_COMMON_BLOCKS = YES;
				GCC_WARN_64_TO_32_BIT_CONVERSION = YES;
				GCC_WARN_ABOUT_RETURN_TYPE = YES_ERROR;
				GCC_WARN_UNDECLARED_SELECTOR = YES;
				GCC_WARN_UNINITIALIZED_AUTOS = YES_AGGRESSIVE;
				GCC_WARN_UNUSED_FUNCTION = YES;
				GCC_WARN_UNUSED_VARIABLE = YES;
				MACOSX_DEPLOYMENT_TARGET = 12.0;
				MTL_ENABLE_DEBUG_INFO = NO;
				MTL_FAST_MATH = YES;
				SDKROOT = macosx;
				SWIFT_COMPILATION_MODE = wholemodule;
				SWIFT_OPTIMIZATION_LEVEL = "-O";
			};
			name = Release;
		};
		79D888B2275831F0007F72FE /* Debug */ = {
			isa = XCBuildConfiguration;
			buildSettings = {
				CODE_SIGN_STYLE = Automatic;
				DEVELOPMENT_TEAM = Y3T92Z6N5K;
				ENABLE_HARDENED_RUNTIME = YES;
				PRODUCT_NAME = "$(TARGET_NAME)";
				SWIFT_VERSION = 5.0;
			};
			name = Debug;
		};
		79D888B3275831F0007F72FE /* Release */ = {
			isa = XCBuildConfiguration;
			buildSettings = {
				CODE_SIGN_STYLE = Automatic;
				DEVELOPMENT_TEAM = Y3T92Z6N5K;
				ENABLE_HARDENED_RUNTIME = YES;
				PRODUCT_NAME = "$(TARGET_NAME)";
				SWIFT_VERSION = 5.0;
			};
			name = Release;
		};
/* End XCBuildConfiguration section */

/* Begin XCConfigurationList section */
		79D888A5275831F0007F72FE /* Build configuration list for PBXProject "AdventOfCode2021" */ = {
			isa = XCConfigurationList;
			buildConfigurations = (
				79D888AF275831F0007F72FE /* Debug */,
				79D888B0275831F0007F72FE /* Release */,
			);
			defaultConfigurationIsVisible = 0;
			defaultConfigurationName = Release;
		};
		79D888B1275831F0007F72FE /* Build configuration list for PBXNativeTarget "AdventOfCode2021" */ = {
			isa = XCConfigurationList;
			buildConfigurations = (
				79D888B2275831F0007F72FE /* Debug */,
				79D888B3275831F0007F72FE /* Release */,
			);
			defaultConfigurationIsVisible = 0;
			defaultConfigurationName = Release;
		};
/* End XCConfigurationList section */
	};
	rootObject = 79D888A2275831F0007F72FE /* Project object */;
}
